
Microsoft Visual Studio Solution File, Format Version 12.00
# Visual Studio Version 16
VisualStudioVersion = 16.0.29215.179
MinimumVisualStudioVersion = 10.0.40219.1
Project("{FAE04EC0-301F-11D3-BF4B-00C04F79EFBC}") = "TestWorkManager.Android", "TestWorkManager\TestWorkManager.Android\TestWorkManager.Android.csproj", "{BCB0AD63-D08F-4114-8582-C78CD4358ACE}"
EndProject
Project("{FAE04EC0-301F-11D3-BF4B-00C04F79EFBC}") = "TestWorkManager", "TestWorkManager\TestWorkManager\TestWorkManager.csproj", "{2F20E1A7-E526-4E4F-ABF4-6CEC48F6117D}"
EndProject
Project("{FAE04EC0-301F-11D3-BF4B-00C04F79EFBC}") = "AndroidBinding", "AndroidBinding\AndroidBinding.csproj", "{C1F05B29-083D-47D1-8CF3-3A6803685397}"
EndProject
Global
	GlobalSection(SolutionConfigurationPlatforms) = preSolution
		Debug|Any CPU = Debug|Any CPU
		Debug|iPhone = Debug|iPhone
		Debug|iPhoneSimulator = Debug|iPhoneSimulator
		Release|Any CPU = Release|Any CPU
		Release|iPhone = Release|iPhone
		Release|iPhoneSimulator = Release|iPhoneSimulator
	EndGlobalSection
	GlobalSection(ProjectConfigurationPlatforms) = postSolution
		{BCB0AD63-D08F-4114-8582-C78CD4358ACE}.Debug|Any CPU.ActiveCfg = Debug|Any CPU
		{BCB0AD63-D08F-4114-8582-C78CD4358ACE}.Debug|Any CPU.Build.0 = Debug|Any CPU
		{BCB0AD63-D08F-4114-8582-C78CD4358ACE}.Debug|Any CPU.Deploy.0 = Debug|Any CPU
		{BCB0AD63-D08F-4114-8582-C78CD4358ACE}.Debug|iPhone.ActiveCfg = Debug|Any CPU
		{BCB0AD63-D08F-4114-8582-C78CD4358ACE}.Debug|iPhone.Build.0 = Debug|Any CPU
		{BCB0AD63-D08F-4114-8582-C78CD4358ACE}.Debug|iPhone.Deploy.0 = Debug|Any CPU
		{BCB0AD63-D08F-4114-8582-C78CD4358ACE}.Debug|iPhoneSimulator.ActiveCfg = Debug|Any CPU
		{BCB0AD63-D08F-4114-8582-C78CD4358ACE}.Debug|iPhoneSimulator.Build.0 = Debug|Any CPU
		{BCB0AD63-D08F-4114-8582-C78CD4358ACE}.Debug|iPhoneSimulator.Deploy.0 = Debug|Any CPU
		{BCB0AD63-D08F-4114-8582-C78CD4358ACE}.Release|Any CPU.ActiveCfg = Release|Any CPU
		{BCB0AD63-D08F-4114-8582-C78CD4358ACE}.Release|Any CPU.Build.0 = Release|Any CPU
		{BCB0AD63-D08F-4114-8582-C78CD4358ACE}.Release|Any CPU.Deploy.0 = Release|Any CPU
		{BCB0AD63-D08F-4114-8582-C78CD4358ACE}.Release|iPhone.ActiveCfg = Release|Any CPU
		{BCB0AD63-D08F-4114-8582-C78CD4358ACE}.Release|iPhone.Build.0 = Release|Any CPU
		{BCB0AD63-D08F-4114-8582-C78CD4358ACE}.Release|iPhone.Deploy.0 = Release|Any CPU
		{BCB0AD63-D08F-4114-8582-C78CD4358ACE}.Release|iPhoneSimulator.ActiveCfg = Release|Any CPU
		{BCB0AD63-D08F-4114-8582-C78CD4358ACE}.Release|iPhoneSimulator.Build.0 = Release|Any CPU
		{BCB0AD63-D08F-4114-8582-C78CD4358ACE}.Release|iPhoneSimulator.Deploy.0 = Release|Any CPU
		{2F20E1A7-E526-4E4F-ABF4-6CEC48F6117D}.Debug|Any CPU.ActiveCfg = Debug|Any CPU
		{2F20E1A7-E526-4E4F-ABF4-6CEC48F6117D}.Debug|Any CPU.Build.0 = Debug|Any CPU
		{2F20E1A7-E526-4E4F-ABF4-6CEC48F6117D}.Debug|Any CPU.Deploy.0 = Debug|Any CPU
		{2F20E1A7-E526-4E4F-ABF4-6CEC48F6117D}.Debug|iPhone.ActiveCfg = Debug|Any CPU
		{2F20E1A7-E526-4E4F-ABF4-6CEC48F6117D}.Debug|iPhone.Build.0 = Debug|Any CPU
		{2F20E1A7-E526-4E4F-ABF4-6CEC48F6117D}.Debug|iPhone.Deploy.0 = Debug|Any CPU
		{2F20E1A7-E526-4E4F-ABF4-6CEC48F6117D}.Debug|iPhoneSimulator.ActiveCfg = Debug|Any CPU
		{2F20E1A7-E526-4E4F-ABF4-6CEC48F6117D}.Debug|iPhoneSimulator.Build.0 = Debug|Any CPU
		{2F20E1A7-E526-4E4F-ABF4-6CEC48F6117D}.Debug|iPhoneSimulator.Deploy.0 = Debug|Any CPU
		{2F20E1A7-E526-4E4F-ABF4-6CEC48F6117D}.Release|Any CPU.ActiveCfg = Release|Any CPU
		{2F20E1A7-E526-4E4F-ABF4-6CEC48F6117D}.Release|Any CPU.Build.0 = Release|Any CPU
		{2F20E1A7-E526-4E4F-ABF4-6CEC48F6117D}.Release|Any CPU.Deploy.0 = Release|Any CPU
		{2F20E1A7-E526-4E4F-ABF4-6CEC48F6117D}.Release|iPhone.ActiveCfg = Release|Any CPU
		{2F20E1A7-E526-4E4F-ABF4-6CEC48F6117D}.Release|iPhone.Build.0 = Release|Any CPU
		{2F20E1A7-E526-4E4F-ABF4-6CEC48F6117D}.Release|iPhone.Deploy.0 = Release|Any CPU
		{2F20E1A7-E526-4E4F-ABF4-6CEC48F6117D}.Release|iPhoneSimulator.ActiveCfg = Release|Any CPU
		{2F20E1A7-E526-4E4F-ABF4-6CEC48F6117D}.Release|iPhoneSimulator.Build.0 = Release|Any CPU
		{2F20E1A7-E526-4E4F-ABF4-6CEC48F6117D}.Release|iPhoneSimulator.Deploy.0 = Release|Any CPU
		{C1F05B29-083D-47D1-8CF3-3A6803685397}.Debug|Any CPU.ActiveCfg = Debug|Any CPU
		{C1F05B29-083D-47D1-8CF3-3A6803685397}.Debug|Any CPU.Build.0 = Debug|Any CPU
		{C1F05B29-083D-47D1-8CF3-3A6803685397}.Debug|iPhone.ActiveCfg = Debug|Any CPU
		{C1F05B29-083D-47D1-8CF3-3A6803685397}.Debug|iPhone.Build.0 = Debug|Any CPU
		{C1F05B29-083D-47D1-8CF3-3A6803685397}.Debug|iPhoneSimulator.ActiveCfg = Debug|Any CPU
		{C1F05B29-083D-47D1-8CF3-3A6803685397}.Debug|iPhoneSimulator.Build.0 = Debug|Any CPU
		{C1F05B29-083D-47D1-8CF3-3A6803685397}.Release|Any CPU.ActiveCfg = Release|Any CPU
		{C1F05B29-083D-47D1-8CF3-3A6803685397}.Release|Any CPU.Build.0 = Release|Any CPU
		{C1F05B29-083D-47D1-8CF3-3A6803685397}.Release|iPhone.ActiveCfg = Release|Any CPU
		{C1F05B29-083D-47D1-8CF3-3A6803685397}.Release|iPhone.Build.0 = Release|Any CPU
		{C1F05B29-083D-47D1-8CF3-3A6803685397}.Release|iPhoneSimulator.ActiveCfg = Release|Any CPU
		{C1F05B29-083D-47D1-8CF3-3A6803685397}.Release|iPhoneSimulator.Build.0 = Release|Any CPU
	EndGlobalSection
	GlobalSection(SolutionProperties) = preSolution
		HideSolutionNode = FALSE
	EndGlobalSection
	GlobalSection(ExtensibilityGlobals) = postSolution
		SolutionGuid = {10B2D9B4-2983-4852-A0BF-889CF90BF69E}
	EndGlobalSection
EndGlobal
